
Microsoft Visual Studio Solution File, Format Version 12.00
# Visual Studio 15
VisualStudioVersion = 15.0.28307.852
MinimumVisualStudioVersion = 10.0.40219.1
Project("{FAE04EC0-301F-11D3-BF4B-00C04F79EFBC}") = "SYDE3203_FinalProject", "SYDE3203_FinalProject\SYDE3203_FinalProject.csproj", "{0220BA21-071B-4C4F-8F8A-5E43345F71A7}"
EndProject
Global
	GlobalSection(SolutionConfigurationPlatforms) = preSolution
		Debug|Any CPU = Debug|Any CPU
		Release|Any CPU = Release|Any CPU
	EndGlobalSection
	GlobalSection(ProjectConfigurationPlatforms) = postSolution
		{0220BA21-071B-4C4F-8F8A-5E43345F71A7}.Debug|Any CPU.ActiveCfg = Debug|Any CPU
		{0220BA21-071B-4C4F-8F8A-5E43345F71A7}.Debug|Any CPU.Build.0 = Debug|Any CPU
		{0220BA21-071B-4C4F-8F8A-5E43345F71A7}.Release|Any CPU.ActiveCfg = Release|Any CPU
		{0220BA21-071B-4C4F-8F8A-5E43345F71A7}.Release|Any CPU.Build.0 = Release|Any CPU
	EndGlobalSection
	GlobalSection(SolutionProperties) = preSolution
		HideSolutionNode = FALSE
	EndGlobalSection
	GlobalSection(ExtensibilityGlobals) = postSolution
		SolutionGuid = {4CD952DC-AB21-4F95-895A-C33C630697B0}
	EndGlobalSection
EndGlobal
